
Microsoft Visual Studio Solution File, Format Version 12.00
# Visual Studio Version 16
VisualStudioVersion = 16.0.30204.135
MinimumVisualStudioVersion = 10.0.40219.1
Project("{FAE04EC0-301F-11D3-BF4B-00C04F79EFBC}") = "CapstoneAPI", "CapstoneAPI\CapstoneAPI.csproj", "{60C46D5F-5EE4-43A5-8083-A4F2BB222D54}"
EndProject
Global
	GlobalSection(SolutionConfigurationPlatforms) = preSolution
		Debug|Any CPU = Debug|Any CPU
		Release|Any CPU = Release|Any CPU
	EndGlobalSection
	GlobalSection(ProjectConfigurationPlatforms) = postSolution
		{60C46D5F-5EE4-43A5-8083-A4F2BB222D54}.Debug|Any CPU.ActiveCfg = Debug|Any CPU
		{60C46D5F-5EE4-43A5-8083-A4F2BB222D54}.Debug|Any CPU.Build.0 = Debug|Any CPU
		{60C46D5F-5EE4-43A5-8083-A4F2BB222D54}.Release|Any CPU.ActiveCfg = Release|Any CPU
		{60C46D5F-5EE4-43A5-8083-A4F2BB222D54}.Release|Any CPU.Build.0 = Release|Any CPU
	EndGlobalSection
	GlobalSection(SolutionProperties) = preSolution
		HideSolutionNode = FALSE
	EndGlobalSection
	GlobalSection(ExtensibilityGlobals) = postSolution
		SolutionGuid = {270599B1-AB46-4749-87A6-672495F9C931}
	EndGlobalSection
EndGlobal
